<?xml version="1.0" encoding="utf-8"?>
<Project ToolsVersion="4.0" xmlns="http://schemas.microsoft.com/developer/msbuild/2003">
  <ItemGroup>
    <Filter Include="KamataEngine">
      <UniqueIdentifier>{4FC737F1-C7A5-4376-A066-2A32D752A2FF}</UniqueIdentifier>
      <Extensions>cpp;c;cc;cxx;c++;cppm;ixx;def;odl;idl;hpj;bat;asm;asmx</Extensions>
    </Filter>
    <Filter Include="KamataEngine\Source">
      <UniqueIdentifier>{d966e9f8-e880-44ae-8586-a08515e4cffc}</UniqueIdentifier>
    </Filter>
    <Filter Include="KamataEngine\Include">
      <UniqueIdentifier>{4aae4e40-94f7-4d32-9a91-c0c37a2edf0d}</UniqueIdentifier>
    </Filter>
    <Filter Include="KamataEngine\Adapter">
      <UniqueIdentifier>{c6468eb4-788b-4a83-b207-a5f4804e56c5}</UniqueIdentifier>
    </Filter>
    <Filter Include="Tool">
      <UniqueIdentifier>{c7cbd08f-a971-4017-938d-275f01e4415b}</UniqueIdentifier>
    </Filter>
    <Filter Include="GamePlay">
      <UniqueIdentifier>{1f91cb21-254c-4064-98f0-f4605500fcfe}</UniqueIdentifier>
    </Filter>
    <Filter Include="GamePlay\Player">
      <UniqueIdentifier>{7f3af7e4-ce72-4c4d-b510-7262bfb0a6f4}</UniqueIdentifier>
    </Filter>
    <Filter Include="GamePlay\Strage">
      <UniqueIdentifier>{9b194647-3ebc-45d9-bfcb-dcb8e60fe0ef}</UniqueIdentifier>
    </Filter>
    <Filter Include="GamePlay\Collider">
      <UniqueIdentifier>{c572d1c1-d1ad-4b2f-a2ea-35596c749865}</UniqueIdentifier>
    </Filter>
    <Filter Include="GamePlay\GamePlay">
      <UniqueIdentifier>{542d13d9-22dd-4181-88db-34c90e45ba2e}</UniqueIdentifier>
    </Filter>
    <Filter Include="GamePlay\GameConfig">
      <UniqueIdentifier>{a46e7b3a-0f9d-4a7a-a721-c96aefb7ee52}</UniqueIdentifier>
    </Filter>
    <Filter Include="GamePlay\Enemy">
      <UniqueIdentifier>{663c3211-098b-42f2-974e-ba13218d0679}</UniqueIdentifier>
    </Filter>
    <Filter Include="Tool\Camera">
      <UniqueIdentifier>{44f16867-c9d4-4899-b807-35c7e1ecc63e}</UniqueIdentifier>
    </Filter>
    <Filter Include="Tool\Object2D">
      <UniqueIdentifier>{d80b782d-0faf-40b6-9c10-8abb42d27a7e}</UniqueIdentifier>
    </Filter>
    <Filter Include="Tool\Easing">
      <UniqueIdentifier>{ae9dc414-b6d2-413a-b575-1805c2dedff8}</UniqueIdentifier>
    </Filter>
    <Filter Include="GamePlay\UI">
      <UniqueIdentifier>{86a57903-5fe0-4455-87c6-053fe617d2a5}</UniqueIdentifier>
    </Filter>
    <Filter Include="GamePlay\background">
      <UniqueIdentifier>{a2a7a003-31a1-4647-b964-6d43e39a17a7}</UniqueIdentifier>
    </Filter>
  </ItemGroup>
  <ItemGroup>
    <ClCompile Include="main.cpp" />
    <ClCompile Include="C:\KamataEngine\Adapter\Novice.cpp">
      <Filter>KamataEngine\Adapter</Filter>
    </ClCompile>
    <ClCompile Include="Stage.cpp">
      <Filter>GamePlay\Strage</Filter>
    </ClCompile>
    <ClCompile Include="Player.cpp">
      <Filter>GamePlay\Player</Filter>
    </ClCompile>
    <ClCompile Include="Collider.cpp">
      <Filter>GamePlay\Collider</Filter>
    </ClCompile>
    <ClCompile Include="GamePlay.cpp">
      <Filter>GamePlay\GamePlay</Filter>
    </ClCompile>
    <ClCompile Include="Enemy.cpp">
      <Filter>GamePlay\Enemy</Filter>
    </ClCompile>
    <ClCompile Include="Camera2D.cpp">
      <Filter>Tool\Camera</Filter>
    </ClCompile>
    <ClCompile Include="Easing.cpp">
      <Filter>Tool\Easing</Filter>
    </ClCompile>
    <ClCompile Include="UI.cpp">
      <Filter>GamePlay\UI</Filter>
    </ClCompile>
    <ClCompile Include="Background.cpp">
      <Filter>GamePlay\background</Filter>
    </ClCompile>
  </ItemGroup>
  <ItemGroup>
    <ClInclude Include="C:\KamataEngine\DirectXGame\audio\Audio.h">
      <Filter>KamataEngine\Include</Filter>
    </ClInclude>
    <ClInclude Include="C:\KamataEngine\DirectXGame\2d\DebugText.h">
      <Filter>KamataEngine\Include</Filter>
    </ClInclude>
    <ClInclude Include="C:\KamataEngine\DirectXGame\base\DirectXCommon.h">
      <Filter>KamataEngine\Include</Filter>
    </ClInclude>
    <ClInclude Include="C:\KamataEngine\DirectXGame\scene\GameScene.h">
      <Filter>KamataEngine\Include</Filter>
    </ClInclude>
    <ClInclude Include="C:\KamataEngine\DirectXGame\input\Input.h">
      <Filter>KamataEngine\Include</Filter>
    </ClInclude>
    <ClInclude Include="C:\KamataEngine\DirectXGame\3d\Model.h">
      <Filter>KamataEngine\Include</Filter>
    </ClInclude>
    <ClInclude Include="C:\KamataEngine\DirectXGame\base\SafeDelete.h">
      <Filter>KamataEngine\Include</Filter>
    </ClInclude>
    <ClInclude Include="C:\KamataEngine\DirectXGame\2d\Sprite.h">
      <Filter>KamataEngine\Include</Filter>
    </ClInclude>
    <ClInclude Include="C:\KamataEngine\DirectXGame\base\TextureManager.h">
      <Filter>KamataEngine\Include</Filter>
    </ClInclude>
    <ClInclude Include="C:\KamataEngine\DirectXGame\base\WinApp.h">
      <Filter>KamataEngine\Include</Filter>
    </ClInclude>
    <ClInclude Include="C:\KamataEngine\DirectXGame\3d\WorldTransform.h">
      <Filter>KamataEngine\Include</Filter>
    </ClInclude>
    <ClInclude Include="C:\KamataEngine\Adapter\Novice.h">
      <Filter>KamataEngine\Adapter</Filter>
    </ClInclude>
    <ClInclude Include="C:\KamataEngine\DirectXGame\3d\CircleShadow.h">
      <Filter>KamataEngine\Include</Filter>
    </ClInclude>
    <ClInclude Include="C:\KamataEngine\DirectXGame\3d\DebugCamera.h">
      <Filter>KamataEngine\Include</Filter>
    </ClInclude>
    <ClInclude Include="C:\KamataEngine\DirectXGame\3d\DirectionalLight.h">
      <Filter>KamataEngine\Include</Filter>
    </ClInclude>
    <ClInclude Include="C:\KamataEngine\DirectXGame\3d\LightGroup.h">
      <Filter>KamataEngine\Include</Filter>
    </ClInclude>
    <ClInclude Include="C:\KamataEngine\DirectXGame\3d\Material.h">
      <Filter>KamataEngine\Include</Filter>
    </ClInclude>
    <ClInclude Include="C:\KamataEngine\DirectXGame\3d\Mesh.h">
      <Filter>KamataEngine\Include</Filter>
    </ClInclude>
    <ClInclude Include="C:\KamataEngine\DirectXGame\3d\PointLight.h">
      <Filter>KamataEngine\Include</Filter>
    </ClInclude>
    <ClInclude Include="C:\KamataEngine\DirectXGame\3d\SpotLight.h">
      <Filter>KamataEngine\Include</Filter>
    </ClInclude>
    <ClInclude Include="C:\KamataEngine\DirectXGame\base\StringUtility.h">
      <Filter>KamataEngine\Include</Filter>
    </ClInclude>
    <ClInclude Include="..\DirectXGame\3d\Camera.h">
      <Filter>KamataEngine\Include</Filter>
    </ClInclude>
    <ClInclude Include="C:\KamataEngine\DirectXGame\math\Matrix4x4.h">
      <Filter>KamataEngine\Include</Filter>
    </ClInclude>
    <ClInclude Include="C:\KamataEngine\DirectXGame\math\Vector2.h">
      <Filter>KamataEngine\Include</Filter>
    </ClInclude>
    <ClInclude Include="C:\KamataEngine\DirectXGame\math\Vector3.h">
      <Filter>KamataEngine\Include</Filter>
    </ClInclude>
    <ClInclude Include="C:\KamataEngine\DirectXGame\math\Vector4.h">
      <Filter>KamataEngine\Include</Filter>
    </ClInclude>
    <ClInclude Include="C:\KamataEngine\DirectXGame\2d\ImGuiManager.h">
      <Filter>KamataEngine\Include</Filter>
    </ClInclude>
    <ClInclude Include="Stage.h">
      <Filter>GamePlay\Strage</Filter>
    </ClInclude>
    <ClInclude Include="Player.h">
      <Filter>GamePlay\Player</Filter>
    </ClInclude>
    <ClInclude Include="Collider.h">
      <Filter>GamePlay\Collider</Filter>
    </ClInclude>
    <ClInclude Include="GamePlay.h">
      <Filter>GamePlay\GamePlay</Filter>
    </ClInclude>
    <ClInclude Include="GameConfig.h">
      <Filter>GamePlay\GameConfig</Filter>
    </ClInclude>
    <ClInclude Include="Enemy.h">
      <Filter>GamePlay\Enemy</Filter>
    </ClInclude>
    <ClInclude Include="Camera2D.h">
      <Filter>Tool\Camera</Filter>
    </ClInclude>
    <ClInclude Include="Object2D.h">
      <Filter>Tool\Object2D</Filter>
    </ClInclude>
    <ClInclude Include="Easing.h">
      <Filter>Tool\Easing</Filter>
    </ClInclude>
    <ClInclude Include="CameraManager.h">
      <Filter>Tool\Camera</Filter>
    </ClInclude>
    <ClInclude Include="UI.h">
      <Filter>GamePlay\UI</Filter>
    </ClInclude>
    <ClInclude Include="Background.h">
      <Filter>GamePlay\background</Filter>
    </ClInclude>
  </ItemGroup>
</Project>